
Microsoft Visual Studio Solution File, Format Version 12.00
# Visual Studio Version 17
VisualStudioVersion = 17.3.32901.215
MinimumVisualStudioVersion = 10.0.40219.1
Project("{8BC9CEB8-8B4A-11D0-8D11-00A0C91BC942}") = "atm_console", "atm_console\atm_console.vcxproj", "{2B969BCD-B05D-4879-811F-48333D08FE89}"
EndProject
Global
	GlobalSection(SolutionConfigurationPlatforms) = preSolution
		Debug|x64 = Debug|x64
		Release|x64 = Release|x64
	EndGlobalSection
	GlobalSection(ProjectConfigurationPlatforms) = postSolution
		{2B969BCD-B05D-4879-811F-48333D08FE89}.Debug|x64.ActiveCfg = Debug|x64
		{2B969BCD-B05D-4879-811F-48333D08FE89}.Debug|x64.Build.0 = Debug|x64
		{2B969BCD-B05D-4879-811F-48333D08FE89}.Release|x64.ActiveCfg = Release|x64
		{2B969BCD-B05D-4879-811F-48333D08FE89}.Release|x64.Build.0 = Release|x64
	EndGlobalSection
	GlobalSection(SolutionProperties) = preSolution
		HideSolutionNode = FALSE
	EndGlobalSection
	GlobalSection(ExtensibilityGlobals) = postSolution
		SolutionGuid = {CBC1FB3E-B85E-4952-A26B-EC9F4DA4684C}
	EndGlobalSection
EndGlobal
