<?xml version="1.0" encoding="utf-8"?>
<Project ToolsVersion="4.0" xmlns="http://schemas.microsoft.com/developer/msbuild/2003">
  <ItemGroup>
    <Filter Include="Source Files">
      <UniqueIdentifier>{4FC737F1-C7A5-4376-A066-2A32D752A2FF}</UniqueIdentifier>
      <Extensions>qml;cpp;c;cc;cxx;def;odl;idl;hpj;bat;asm;asmx</Extensions>
    </Filter>
    <Filter Include="Source Files\Models">
      <UniqueIdentifier>{e9c43bd7-5c18-42ce-88b9-81692b502f51}</UniqueIdentifier>
    </Filter>
    <Filter Include="Source Files\Models\Account">
      <UniqueIdentifier>{671e543a-cd24-4713-a1ea-0ac9954cbe8c}</UniqueIdentifier>
    </Filter>
    <Filter Include="Source Files\Models\Account\Checking">
      <UniqueIdentifier>{363cf79d-123b-4062-be46-a2861d52fbeb}</UniqueIdentifier>
    </Filter>
    <Filter Include="Source Files\Models\Account\Savings">
      <UniqueIdentifier>{5287066f-6fb1-4029-bf35-752149fc8607}</UniqueIdentifier>
    </Filter>
    <Filter Include="Source Files\Models\Office">
      <UniqueIdentifier>{35d0d142-e219-44ca-b5ce-e70085ddaaf1}</UniqueIdentifier>
    </Filter>
    <Filter Include="Source Files\Models\ATM">
      <UniqueIdentifier>{a9f4f8ff-6d6b-44f7-94c1-0fb3243b7670}</UniqueIdentifier>
    </Filter>
    <Filter Include="Source Files\Models\Card">
      <UniqueIdentifier>{e0ff324d-82a5-4480-a862-58f986740251}</UniqueIdentifier>
    </Filter>
    <Filter Include="Source Files\Models\Client">
      <UniqueIdentifier>{36dd14a4-5fae-4daa-8123-de09fab5e43b}</UniqueIdentifier>
    </Filter>
    <Filter Include="Source Files\Models\Account\LOC">
      <UniqueIdentifier>{5991bbd2-a50e-446c-b858-19aa2a241f60}</UniqueIdentifier>
    </Filter>
    <Filter Include="Source Files\Server">
      <UniqueIdentifier>{286edc6d-2e79-41ac-9f11-b3e3a8e2d09b}</UniqueIdentifier>
    </Filter>
    <Filter Include="Source Files\Server\Repository">
      <UniqueIdentifier>{ac5e2506-3d3a-4d9a-b83f-7b4ba1225957}</UniqueIdentifier>
    </Filter>
    <Filter Include="Source Files\Client">
      <UniqueIdentifier>{d0bafd0f-a4c0-468b-b998-6b2bc77b9d0b}</UniqueIdentifier>
    </Filter>
    <Filter Include="Source Files\Models\Transaction">
      <UniqueIdentifier>{827ae449-be9a-45d4-8505-79ef25255d15}</UniqueIdentifier>
    </Filter>
  </ItemGroup>
  <ItemGroup>
    <ClCompile Include="Bank.cpp">
      <Filter>Source Files\Server</Filter>
    </ClCompile>
    <ClCompile Include="main.cpp">
      <Filter>Source Files</Filter>
    </ClCompile>
    <ClCompile Include="Account.cpp">
      <Filter>Source Files\Models\Account</Filter>
    </ClCompile>
    <ClCompile Include="Transaction.cpp">
      <Filter>Source Files\Models\Transaction</Filter>
    </ClCompile>
    <ClCompile Include="Office.cpp">
      <Filter>Source Files\Models\Office</Filter>
    </ClCompile>
    <ClCompile Include="Account_Repo.cpp">
      <Filter>Source Files\Server\Repository</Filter>
    </ClCompile>
    <ClCompile Include="Office_Repo.cpp">
      <Filter>Source Files\Server\Repository</Filter>
    </ClCompile>
    <ClCompile Include="Transaction_Repo.cpp">
      <Filter>Source Files\Server\Repository</Filter>
    </ClCompile>
    <ClCompile Include="ATM_Repo.cpp">
      <Filter>Source Files\Server\Repository</Filter>
    </ClCompile>
    <ClCompile Include="ATM.cpp">
      <Filter>Source Files\Models\ATM</Filter>
    </ClCompile>
    <ClCompile Include="Card.cpp">
      <Filter>Source Files\Models\Card</Filter>
    </ClCompile>
    <ClCompile Include="Card_Repo.cpp">
      <Filter>Source Files\Server\Repository</Filter>
    </ClCompile>
    <ClCompile Include="Client.cpp">
      <Filter>Source Files\Models\Client</Filter>
    </ClCompile>
    <ClCompile Include="Checking.cpp">
      <Filter>Source Files\Models\Account\Checking</Filter>
    </ClCompile>
    <ClCompile Include="Savings.cpp">
      <Filter>Source Files\Models\Account\Savings</Filter>
    </ClCompile>
    <ClCompile Include="LOC.cpp">
      <Filter>Source Files\Models\Account\LOC</Filter>
    </ClCompile>
    <ClCompile Include="In_Client.cpp">
      <Filter>Source Files\Client</Filter>
    </ClCompile>
    <ClCompile Include="Out_Client.cpp">
      <Filter>Source Files\Client</Filter>
    </ClCompile>
  </ItemGroup>
  <ItemGroup>
    <ClInclude Include="Bank.h">
      <Filter>Source Files\Server</Filter>
    </ClInclude>
    <ClInclude Include="Account.h">
      <Filter>Source Files\Models\Account</Filter>
    </ClInclude>
    <ClInclude Include="Transaction.h">
      <Filter>Source Files\Models\Transaction</Filter>
    </ClInclude>
    <ClInclude Include="Office.h">
      <Filter>Source Files\Models\Office</Filter>
    </ClInclude>
    <ClInclude Include="ATM.h">
      <Filter>Source Files\Models\ATM</Filter>
    </ClInclude>
    <ClInclude Include="Card.h">
      <Filter>Source Files\Models\Card</Filter>
    </ClInclude>
    <ClInclude Include="Client.h">
      <Filter>Source Files\Models\Client</Filter>
    </ClInclude>
    <ClInclude Include="Checking.h">
      <Filter>Source Files\Models\Account\Checking</Filter>
    </ClInclude>
    <ClInclude Include="Savings.h">
      <Filter>Source Files\Models\Account\Savings</Filter>
    </ClInclude>
    <ClInclude Include="LOC.h">
      <Filter>Source Files\Models\Account\LOC</Filter>
    </ClInclude>
    <ClInclude Include="ATM_clnt.h">
      <Filter>Source Files\Client</Filter>
    </ClInclude>
  </ItemGroup>
  <ItemGroup>
    <None Include="atm.cd">
      <Filter>Source Files</Filter>
    </None>
  </ItemGroup>
</Project>